
Microsoft Visual Studio Solution File, Format Version 12.00
# Visual Studio Version 17
VisualStudioVersion = 17.11.35222.181
MinimumVisualStudioVersion = 10.0.40219.1
Project("{9A19103F-16F7-4668-BE54-9A1E7A4F7556}") = "PromptBuilder.Desktop", "PromptBuilder.Desktop\PromptBuilder.Desktop.csproj", "{8D175378-B961-438D-862C-AA20274233E2}"
EndProject
Project("{FAE04EC0-301F-11D3-BF4B-00C04F79EFBC}") = "PromptBuilder.Library", "PromptBuilder.Library\PromptBuilder.Library.csproj", "{F305605A-2DED-4D05-9BAC-4FD9206C12E4}"
EndProject
Project("{2150E333-8FDC-42A3-9474-1A3956D46DE8}") = "Solution Items", "Solution Items", "{139D1629-91D0-4FD4-B5D2-10217DF5738B}"
EndProject
Global
	GlobalSection(SolutionConfigurationPlatforms) = preSolution
		Debug|Any CPU = Debug|Any CPU
		Release|Any CPU = Release|Any CPU
	EndGlobalSection
	GlobalSection(ProjectConfigurationPlatforms) = postSolution
		{8D175378-B961-438D-862C-AA20274233E2}.Debug|Any CPU.ActiveCfg = Debug|Any CPU
		{8D175378-B961-438D-862C-AA20274233E2}.Debug|Any CPU.Build.0 = Debug|Any CPU
		{8D175378-B961-438D-862C-AA20274233E2}.Release|Any CPU.ActiveCfg = Release|Any CPU
		{8D175378-B961-438D-862C-AA20274233E2}.Release|Any CPU.Build.0 = Release|Any CPU
		{F305605A-2DED-4D05-9BAC-4FD9206C12E4}.Debug|Any CPU.ActiveCfg = Debug|Any CPU
		{F305605A-2DED-4D05-9BAC-4FD9206C12E4}.Debug|Any CPU.Build.0 = Debug|Any CPU
		{F305605A-2DED-4D05-9BAC-4FD9206C12E4}.Release|Any CPU.ActiveCfg = Release|Any CPU
		{F305605A-2DED-4D05-9BAC-4FD9206C12E4}.Release|Any CPU.Build.0 = Release|Any CPU
	EndGlobalSection
	GlobalSection(SolutionProperties) = preSolution
		HideSolutionNode = FALSE
	EndGlobalSection
	GlobalSection(ExtensibilityGlobals) = postSolution
		SolutionGuid = {D89E3801-B18F-4B0E-AD39-668CD395C8AA}
	EndGlobalSection
EndGlobal
